
Microsoft Visual Studio Solution File, Format Version 12.00
# Visual Studio Version 17
VisualStudioVersion = 17.13.35919.96
MinimumVisualStudioVersion = 10.0.40219.1
Project("{2150E333-8FDC-42A3-9474-1A3956D46DE8}") = "1. Shared", "1. Shared", "{02EA681E-C7D8-13C7-8484-4AC65E1B71E8}"
EndProject
Project("{2150E333-8FDC-42A3-9474-1A3956D46DE8}") = "2. Server", "2. Server", "{F817B204-1DAE-42C5-885A-8CFE2EBC15F4}"
EndProject
Project("{2150E333-8FDC-42A3-9474-1A3956D46DE8}") = "3. Player", "3. Player", "{EBB234C1-F622-4571-A689-0888093F1994}"
EndProject
Project("{FAE04EC0-301F-11D3-BF4B-00C04F79EFBC}") = "TicTacToe.Tournament.Models", "src\TicTacToe.Tournament.Models\TicTacToe.Tournament.Models.csproj", "{B81297C4-5164-4EC0-BE6D-C9A63FCD49E5}"
EndProject
Project("{2150E333-8FDC-42A3-9474-1A3956D46DE8}") = "Tests", "Tests", "{D0848B73-A2E8-4916-BDF3-03E1825500B4}"
EndProject
Project("{2150E333-8FDC-42A3-9474-1A3956D46DE8}") = "1. Shared", "1. Shared", "{903CE2AC-7348-4D4F-AE4E-722E566E9B5C}"
EndProject
Project("{FAE04EC0-301F-11D3-BF4B-00C04F79EFBC}") = "TicTacToe.Tournament.Models.Tests", "tests\TicTacToe.Tournament.Models.Tests\TicTacToe.Tournament.Models.Tests.csproj", "{BC43F567-3539-D7CF-E5F1-41F7FABD5243}"
EndProject
Project("{FAE04EC0-301F-11D3-BF4B-00C04F79EFBC}") = "TicTacToe.Tournament.Server", "src\TicTacToe.Tournament.Server\TicTacToe.Tournament.Server.csproj", "{2416F27F-5030-E146-65BB-C87646C8B4E0}"
EndProject
Project("{2150E333-8FDC-42A3-9474-1A3956D46DE8}") = "2. Server", "2. Server", "{5F047D68-8E0A-43E8-A489-9B6D18914F05}"
EndProject
Project("{FAE04EC0-301F-11D3-BF4B-00C04F79EFBC}") = "TicTacToe.Tournament.Server.Tests", "tests\TicTacToe.Tournament.Server.Tests\TicTacToe.Tournament.Server.Tests.csproj", "{947A4C73-303D-F71A-9295-744A0A694E98}"
EndProject
Project("{2150E333-8FDC-42A3-9474-1A3956D46DE8}") = "3. Player", "3. Player", "{262757F1-481A-4CA4-B046-95DA7C81F984}"
EndProject
Project("{FAE04EC0-301F-11D3-BF4B-00C04F79EFBC}") = "TicTacToe.Tournament.WebApp", "src\TicTacToe.Tournament.WebApp\TicTacToe.Tournament.WebApp.csproj", "{7F4BCB23-D9C6-9011-460E-918D1E6BCD96}"
EndProject
Project("{FAE04EC0-301F-11D3-BF4B-00C04F79EFBC}") = "TicTacToe.Tournament.SmartPlayer", "src\TicTacToe.Tournament.SmartPlayer\TicTacToe.Tournament.SmartPlayer.csproj", "{9F91B1DA-DF6E-D05C-2D41-8F7261A98CFC}"
EndProject
Project("{FAE04EC0-301F-11D3-BF4B-00C04F79EFBC}") = "TicTacToe.Tournament.BasePlayer", "src\TicTacToe.Tournament.BasePlayer\TicTacToe.Tournament.BasePlayer.csproj", "{2122FEA7-7B5B-4817-889C-B6FB653E8FF3}"
EndProject
Project("{FAE04EC0-301F-11D3-BF4B-00C04F79EFBC}") = "TicTacToe.Tournament.DumbPlayer", "src\TicTacToe.Tournament.DumbPlayer\TicTacToe.Tournament.DumbPlayer.csproj", "{49E745C6-936F-4761-8BE5-DC1F37B05FFB}"
EndProject
Project("{FAE04EC0-301F-11D3-BF4B-00C04F79EFBC}") = "TicTacToe.Tournament.Auth", "src\TicTacToe.Tournament.Auth\TicTacToe.Tournament.Auth.csproj", "{BCD7A82E-F11C-4DEB-BC35-2FBB0A9C5F2E}"
EndProject
Project("{FAE04EC0-301F-11D3-BF4B-00C04F79EFBC}") = "TicTacToe.Tournament.Auth.Tests", "tests\TicTacToe.Tournament.Auth.Tests\TicTacToe.Tournament.Auth.Tests.csproj", "{57C0B6A2-38BA-E296-BF60-0F5316E46D4E}"
EndProject
Project("{FAE04EC0-301F-11D3-BF4B-00C04F79EFBC}") = "TicTacToe.Tournament.Server.App", "src\TicTacToe.Tournament.Server.App\TicTacToe.Tournament.Server.App.csproj", "{AE5E9A4D-4C0B-0FAC-A405-9E54DAA81BAD}"
EndProject
Project("{FAE04EC0-301F-11D3-BF4B-00C04F79EFBC}") = "TicTacToe.Tournament.Server.App.Tests", "tests\TicTacToe.Tournament.Server.App.Tests\TicTacToe.Tournament.Server.App.Tests.csproj", "{A56B8ACB-8B42-3BF8-23E4-B94F22A587F8}"
EndProject
Project("{FAE04EC0-301F-11D3-BF4B-00C04F79EFBC}") = "TicTacToe.Tournament.WebApp.Tests", "tests\TicTacToe.Tournament.WebApp.Tests\TicTacToe.Tournament.WebApp.Tests.csproj", "{50617D4F-9092-BAC5-3980-E688612C972A}"
EndProject
Project("{FAE04EC0-301F-11D3-BF4B-00C04F79EFBC}") = "TicTacToe.Tournament.WebApp.SpecTests", "tests\TicTacToe.Tournament.WebApp.SpecTests\TicTacToe.Tournament.WebApp.SpecTests.csproj", "{438BED85-8E2D-42CA-A0DD-AA75CFAE3124}"
EndProject
Project("{FAE04EC0-301F-11D3-BF4B-00C04F79EFBC}") = "TicTacToe.Tournament.OpenAIClientPlayer", "src\TicTacToe.Tournament.OpenAIClientPlayer\TicTacToe.Tournament.OpenAIClientPlayer.csproj", "{05457C2F-B67D-425E-89A2-08184980FF22}"
EndProject
Project("{FAE04EC0-301F-11D3-BF4B-00C04F79EFBC}") = "TicTacToe.Tournament.MyBotPlayer", "src\TicTacToe.Tournament.MyBotPlayer\TicTacToe.Tournament.MyBotPlayer.csproj", "{BB40729C-7557-44D0-8CDE-2E2DEEC34ACC}"
EndProject
Project("{FAE04EC0-301F-11D3-BF4B-00C04F79EFBC}") = "TicTacToe.Tournament.Player.Tests", "tests\TicTacToe.Tournament.Player.Tests\TicTacToe.Tournament.Player.Tests.csproj", "{37C37718-6F6A-9E60-BBC5-BF39676D1782}"
EndProject
Project("{2150E333-8FDC-42A3-9474-1A3956D46DE8}") = "Source", "Source", "{A7825EF0-3335-4437-B408-2F4339967180}"
EndProject
Project("{2150E333-8FDC-42A3-9474-1A3956D46DE8}") = "Infra", "Infra", "{E8F98394-94B7-48E1-8A23-9E08EC70E47F}"
EndProject
Project("{2150E333-8FDC-42A3-9474-1A3956D46DE8}") = "Terraform", "Terraform", "{305DA847-9996-4993-B1EC-F958E34D2DA2}"
	ProjectSection(SolutionItems) = preProject
		infra\terraform\backend.tf = infra\terraform\backend.tf
		infra\terraform\main.tf = infra\terraform\main.tf
		infra\terraform\outputs.tf = infra\terraform\outputs.tf
		infra\terraform\providers.tf = infra\terraform\providers.tf
		infra\terraform\terraform.tfvars = infra\terraform\terraform.tfvars
		infra\terraform\variables.tf = infra\terraform\variables.tf
	EndProjectSection
EndProject
Project("{2150E333-8FDC-42A3-9474-1A3956D46DE8}") = "container_app", "container_app", "{0AFBBAE3-46FD-4239-A12E-8887D82DA9AE}"
	ProjectSection(SolutionItems) = preProject
		infra\terraform\modules\container_app\main.tf = infra\terraform\modules\container_app\main.tf
		infra\terraform\modules\container_app\outputs.tf = infra\terraform\modules\container_app\outputs.tf
		infra\terraform\modules\container_app\variables.tf = infra\terraform\modules\container_app\variables.tf
	EndProjectSection
EndProject
Project("{2150E333-8FDC-42A3-9474-1A3956D46DE8}") = "modules", "modules", "{0D00B276-F2AA-48F4-8352-F1A52BFCAB8B}"
	ProjectSection(SolutionItems) = preProject
		infra\terraform\terraform.tfvars = infra\terraform\terraform.tfvars
	EndProjectSection
EndProject
Global
	GlobalSection(SolutionConfigurationPlatforms) = preSolution
		Debug|Any CPU = Debug|Any CPU
		Release|Any CPU = Release|Any CPU
	EndGlobalSection
	GlobalSection(ProjectConfigurationPlatforms) = postSolution
		{B81297C4-5164-4EC0-BE6D-C9A63FCD49E5}.Debug|Any CPU.ActiveCfg = Debug|Any CPU
		{B81297C4-5164-4EC0-BE6D-C9A63FCD49E5}.Debug|Any CPU.Build.0 = Debug|Any CPU
		{B81297C4-5164-4EC0-BE6D-C9A63FCD49E5}.Release|Any CPU.ActiveCfg = Release|Any CPU
		{B81297C4-5164-4EC0-BE6D-C9A63FCD49E5}.Release|Any CPU.Build.0 = Release|Any CPU
		{BC43F567-3539-D7CF-E5F1-41F7FABD5243}.Debug|Any CPU.ActiveCfg = Debug|Any CPU
		{BC43F567-3539-D7CF-E5F1-41F7FABD5243}.Debug|Any CPU.Build.0 = Debug|Any CPU
		{BC43F567-3539-D7CF-E5F1-41F7FABD5243}.Release|Any CPU.ActiveCfg = Release|Any CPU
		{BC43F567-3539-D7CF-E5F1-41F7FABD5243}.Release|Any CPU.Build.0 = Release|Any CPU
		{2416F27F-5030-E146-65BB-C87646C8B4E0}.Debug|Any CPU.ActiveCfg = Debug|Any CPU
		{2416F27F-5030-E146-65BB-C87646C8B4E0}.Debug|Any CPU.Build.0 = Debug|Any CPU
		{2416F27F-5030-E146-65BB-C87646C8B4E0}.Release|Any CPU.ActiveCfg = Release|Any CPU
		{2416F27F-5030-E146-65BB-C87646C8B4E0}.Release|Any CPU.Build.0 = Release|Any CPU
		{947A4C73-303D-F71A-9295-744A0A694E98}.Debug|Any CPU.ActiveCfg = Debug|Any CPU
		{947A4C73-303D-F71A-9295-744A0A694E98}.Debug|Any CPU.Build.0 = Debug|Any CPU
		{947A4C73-303D-F71A-9295-744A0A694E98}.Release|Any CPU.ActiveCfg = Release|Any CPU
		{947A4C73-303D-F71A-9295-744A0A694E98}.Release|Any CPU.Build.0 = Release|Any CPU
		{7F4BCB23-D9C6-9011-460E-918D1E6BCD96}.Debug|Any CPU.ActiveCfg = Debug|Any CPU
		{7F4BCB23-D9C6-9011-460E-918D1E6BCD96}.Debug|Any CPU.Build.0 = Debug|Any CPU
		{7F4BCB23-D9C6-9011-460E-918D1E6BCD96}.Release|Any CPU.ActiveCfg = Release|Any CPU
		{7F4BCB23-D9C6-9011-460E-918D1E6BCD96}.Release|Any CPU.Build.0 = Release|Any CPU
		{9F91B1DA-DF6E-D05C-2D41-8F7261A98CFC}.Debug|Any CPU.ActiveCfg = Debug|Any CPU
		{9F91B1DA-DF6E-D05C-2D41-8F7261A98CFC}.Debug|Any CPU.Build.0 = Debug|Any CPU
		{9F91B1DA-DF6E-D05C-2D41-8F7261A98CFC}.Release|Any CPU.ActiveCfg = Release|Any CPU
		{9F91B1DA-DF6E-D05C-2D41-8F7261A98CFC}.Release|Any CPU.Build.0 = Release|Any CPU
		{2122FEA7-7B5B-4817-889C-B6FB653E8FF3}.Debug|Any CPU.ActiveCfg = Debug|Any CPU
		{2122FEA7-7B5B-4817-889C-B6FB653E8FF3}.Debug|Any CPU.Build.0 = Debug|Any CPU
		{2122FEA7-7B5B-4817-889C-B6FB653E8FF3}.Release|Any CPU.ActiveCfg = Release|Any CPU
		{2122FEA7-7B5B-4817-889C-B6FB653E8FF3}.Release|Any CPU.Build.0 = Release|Any CPU
		{49E745C6-936F-4761-8BE5-DC1F37B05FFB}.Debug|Any CPU.ActiveCfg = Debug|Any CPU
		{49E745C6-936F-4761-8BE5-DC1F37B05FFB}.Debug|Any CPU.Build.0 = Debug|Any CPU
		{49E745C6-936F-4761-8BE5-DC1F37B05FFB}.Release|Any CPU.ActiveCfg = Release|Any CPU
		{49E745C6-936F-4761-8BE5-DC1F37B05FFB}.Release|Any CPU.Build.0 = Release|Any CPU
		{BCD7A82E-F11C-4DEB-BC35-2FBB0A9C5F2E}.Debug|Any CPU.ActiveCfg = Debug|Any CPU
		{BCD7A82E-F11C-4DEB-BC35-2FBB0A9C5F2E}.Debug|Any CPU.Build.0 = Debug|Any CPU
		{BCD7A82E-F11C-4DEB-BC35-2FBB0A9C5F2E}.Release|Any CPU.ActiveCfg = Release|Any CPU
		{BCD7A82E-F11C-4DEB-BC35-2FBB0A9C5F2E}.Release|Any CPU.Build.0 = Release|Any CPU
		{57C0B6A2-38BA-E296-BF60-0F5316E46D4E}.Debug|Any CPU.ActiveCfg = Debug|Any CPU
		{57C0B6A2-38BA-E296-BF60-0F5316E46D4E}.Debug|Any CPU.Build.0 = Debug|Any CPU
		{57C0B6A2-38BA-E296-BF60-0F5316E46D4E}.Release|Any CPU.ActiveCfg = Release|Any CPU
		{57C0B6A2-38BA-E296-BF60-0F5316E46D4E}.Release|Any CPU.Build.0 = Release|Any CPU
		{AE5E9A4D-4C0B-0FAC-A405-9E54DAA81BAD}.Debug|Any CPU.ActiveCfg = Debug|Any CPU
		{AE5E9A4D-4C0B-0FAC-A405-9E54DAA81BAD}.Debug|Any CPU.Build.0 = Debug|Any CPU
		{AE5E9A4D-4C0B-0FAC-A405-9E54DAA81BAD}.Release|Any CPU.ActiveCfg = Release|Any CPU
		{AE5E9A4D-4C0B-0FAC-A405-9E54DAA81BAD}.Release|Any CPU.Build.0 = Release|Any CPU
		{A56B8ACB-8B42-3BF8-23E4-B94F22A587F8}.Debug|Any CPU.ActiveCfg = Debug|Any CPU
		{A56B8ACB-8B42-3BF8-23E4-B94F22A587F8}.Debug|Any CPU.Build.0 = Debug|Any CPU
		{A56B8ACB-8B42-3BF8-23E4-B94F22A587F8}.Release|Any CPU.ActiveCfg = Release|Any CPU
		{A56B8ACB-8B42-3BF8-23E4-B94F22A587F8}.Release|Any CPU.Build.0 = Release|Any CPU
		{50617D4F-9092-BAC5-3980-E688612C972A}.Debug|Any CPU.ActiveCfg = Debug|Any CPU
		{50617D4F-9092-BAC5-3980-E688612C972A}.Debug|Any CPU.Build.0 = Debug|Any CPU
		{50617D4F-9092-BAC5-3980-E688612C972A}.Release|Any CPU.ActiveCfg = Release|Any CPU
		{50617D4F-9092-BAC5-3980-E688612C972A}.Release|Any CPU.Build.0 = Release|Any CPU
		{438BED85-8E2D-42CA-A0DD-AA75CFAE3124}.Debug|Any CPU.ActiveCfg = Debug|Any CPU
		{438BED85-8E2D-42CA-A0DD-AA75CFAE3124}.Debug|Any CPU.Build.0 = Debug|Any CPU
		{438BED85-8E2D-42CA-A0DD-AA75CFAE3124}.Release|Any CPU.ActiveCfg = Release|Any CPU
		{438BED85-8E2D-42CA-A0DD-AA75CFAE3124}.Release|Any CPU.Build.0 = Release|Any CPU
		{05457C2F-B67D-425E-89A2-08184980FF22}.Debug|Any CPU.ActiveCfg = Debug|Any CPU
		{05457C2F-B67D-425E-89A2-08184980FF22}.Debug|Any CPU.Build.0 = Debug|Any CPU
		{05457C2F-B67D-425E-89A2-08184980FF22}.Release|Any CPU.ActiveCfg = Release|Any CPU
		{05457C2F-B67D-425E-89A2-08184980FF22}.Release|Any CPU.Build.0 = Release|Any CPU
		{BB40729C-7557-44D0-8CDE-2E2DEEC34ACC}.Debug|Any CPU.ActiveCfg = Debug|Any CPU
		{BB40729C-7557-44D0-8CDE-2E2DEEC34ACC}.Debug|Any CPU.Build.0 = Debug|Any CPU
		{BB40729C-7557-44D0-8CDE-2E2DEEC34ACC}.Release|Any CPU.ActiveCfg = Release|Any CPU
		{BB40729C-7557-44D0-8CDE-2E2DEEC34ACC}.Release|Any CPU.Build.0 = Release|Any CPU
		{37C37718-6F6A-9E60-BBC5-BF39676D1782}.Debug|Any CPU.ActiveCfg = Debug|Any CPU
		{37C37718-6F6A-9E60-BBC5-BF39676D1782}.Debug|Any CPU.Build.0 = Debug|Any CPU
		{37C37718-6F6A-9E60-BBC5-BF39676D1782}.Release|Any CPU.ActiveCfg = Release|Any CPU
		{37C37718-6F6A-9E60-BBC5-BF39676D1782}.Release|Any CPU.Build.0 = Release|Any CPU
	EndGlobalSection
	GlobalSection(SolutionProperties) = preSolution
		HideSolutionNode = FALSE
	EndGlobalSection
	GlobalSection(NestedProjects) = preSolution
		{02EA681E-C7D8-13C7-8484-4AC65E1B71E8} = {A7825EF0-3335-4437-B408-2F4339967180}
		{F817B204-1DAE-42C5-885A-8CFE2EBC15F4} = {A7825EF0-3335-4437-B408-2F4339967180}
		{EBB234C1-F622-4571-A689-0888093F1994} = {A7825EF0-3335-4437-B408-2F4339967180}
		{B81297C4-5164-4EC0-BE6D-C9A63FCD49E5} = {02EA681E-C7D8-13C7-8484-4AC65E1B71E8}
		{903CE2AC-7348-4D4F-AE4E-722E566E9B5C} = {D0848B73-A2E8-4916-BDF3-03E1825500B4}
		{BC43F567-3539-D7CF-E5F1-41F7FABD5243} = {903CE2AC-7348-4D4F-AE4E-722E566E9B5C}
		{2416F27F-5030-E146-65BB-C87646C8B4E0} = {F817B204-1DAE-42C5-885A-8CFE2EBC15F4}
		{5F047D68-8E0A-43E8-A489-9B6D18914F05} = {D0848B73-A2E8-4916-BDF3-03E1825500B4}
		{947A4C73-303D-F71A-9295-744A0A694E98} = {5F047D68-8E0A-43E8-A489-9B6D18914F05}
		{262757F1-481A-4CA4-B046-95DA7C81F984} = {D0848B73-A2E8-4916-BDF3-03E1825500B4}
		{7F4BCB23-D9C6-9011-460E-918D1E6BCD96} = {F817B204-1DAE-42C5-885A-8CFE2EBC15F4}
		{9F91B1DA-DF6E-D05C-2D41-8F7261A98CFC} = {EBB234C1-F622-4571-A689-0888093F1994}
		{2122FEA7-7B5B-4817-889C-B6FB653E8FF3} = {EBB234C1-F622-4571-A689-0888093F1994}
		{49E745C6-936F-4761-8BE5-DC1F37B05FFB} = {EBB234C1-F622-4571-A689-0888093F1994}
		{BCD7A82E-F11C-4DEB-BC35-2FBB0A9C5F2E} = {02EA681E-C7D8-13C7-8484-4AC65E1B71E8}
		{57C0B6A2-38BA-E296-BF60-0F5316E46D4E} = {903CE2AC-7348-4D4F-AE4E-722E566E9B5C}
		{AE5E9A4D-4C0B-0FAC-A405-9E54DAA81BAD} = {F817B204-1DAE-42C5-885A-8CFE2EBC15F4}
		{A56B8ACB-8B42-3BF8-23E4-B94F22A587F8} = {5F047D68-8E0A-43E8-A489-9B6D18914F05}
		{50617D4F-9092-BAC5-3980-E688612C972A} = {5F047D68-8E0A-43E8-A489-9B6D18914F05}
		{438BED85-8E2D-42CA-A0DD-AA75CFAE3124} = {5F047D68-8E0A-43E8-A489-9B6D18914F05}
		{05457C2F-B67D-425E-89A2-08184980FF22} = {EBB234C1-F622-4571-A689-0888093F1994}
		{BB40729C-7557-44D0-8CDE-2E2DEEC34ACC} = {EBB234C1-F622-4571-A689-0888093F1994}
		{37C37718-6F6A-9E60-BBC5-BF39676D1782} = {262757F1-481A-4CA4-B046-95DA7C81F984}
		{305DA847-9996-4993-B1EC-F958E34D2DA2} = {E8F98394-94B7-48E1-8A23-9E08EC70E47F}
		{0AFBBAE3-46FD-4239-A12E-8887D82DA9AE} = {0D00B276-F2AA-48F4-8352-F1A52BFCAB8B}
		{0D00B276-F2AA-48F4-8352-F1A52BFCAB8B} = {305DA847-9996-4993-B1EC-F958E34D2DA2}
	EndGlobalSection
	GlobalSection(ExtensibilityGlobals) = postSolution
		SolutionGuid = {44DD7814-250D-44BB-A370-ECD331D398DC}
	EndGlobalSection
EndGlobal
